
Microsoft Visual Studio Solution File, Format Version 12.00
# Visual Studio Version 16
Project("{8BC9CEB8-8B4A-11D0-8D11-00A0C91BC942}") = "ALL_BUILD", "ALL_BUILD.vcxproj", "{CBCD41BE-B5E0-3E37-9867-25086C49C57D}"
	ProjectSection(ProjectDependencies) = postProject
		{8A720ECF-6773-372D-9FEC-FB5879FFFB0B} = {8A720ECF-6773-372D-9FEC-FB5879FFFB0B}
	EndProjectSection
EndProject
Project("{8BC9CEB8-8B4A-11D0-8D11-00A0C91BC942}") = "INSTALL", "INSTALL.vcxproj", "{71DCA247-A34F-3CE2-A909-C1DAD1A9190E}"
	ProjectSection(ProjectDependencies) = postProject
		{CBCD41BE-B5E0-3E37-9867-25086C49C57D} = {CBCD41BE-B5E0-3E37-9867-25086C49C57D}
		{8A720ECF-6773-372D-9FEC-FB5879FFFB0B} = {8A720ECF-6773-372D-9FEC-FB5879FFFB0B}
	EndProjectSection
EndProject
Project("{8BC9CEB8-8B4A-11D0-8D11-00A0C91BC942}") = "ZERO_CHECK", "..\..\\ZERO_CHECK.vcxproj", "{8A720ECF-6773-372D-9FEC-FB5879FFFB0B}"
	ProjectSection(ProjectDependencies) = postProject
	EndProjectSection
EndProject
Global
	GlobalSection(SolutionConfigurationPlatforms) = preSolution
		Debug|Win32 = Debug|Win32
		Release|Win32 = Release|Win32
		MinSizeRel|Win32 = MinSizeRel|Win32
		RelWithDebInfo|Win32 = RelWithDebInfo|Win32
	EndGlobalSection
	GlobalSection(ProjectConfigurationPlatforms) = postSolution
		{CBCD41BE-B5E0-3E37-9867-25086C49C57D}.Debug|Win32.ActiveCfg = Debug|Win32
		{CBCD41BE-B5E0-3E37-9867-25086C49C57D}.Debug|Win32.Build.0 = Debug|Win32
		{CBCD41BE-B5E0-3E37-9867-25086C49C57D}.Release|Win32.ActiveCfg = Release|Win32
		{CBCD41BE-B5E0-3E37-9867-25086C49C57D}.Release|Win32.Build.0 = Release|Win32
		{CBCD41BE-B5E0-3E37-9867-25086C49C57D}.MinSizeRel|Win32.ActiveCfg = MinSizeRel|Win32
		{CBCD41BE-B5E0-3E37-9867-25086C49C57D}.MinSizeRel|Win32.Build.0 = MinSizeRel|Win32
		{CBCD41BE-B5E0-3E37-9867-25086C49C57D}.RelWithDebInfo|Win32.ActiveCfg = RelWithDebInfo|Win32
		{CBCD41BE-B5E0-3E37-9867-25086C49C57D}.RelWithDebInfo|Win32.Build.0 = RelWithDebInfo|Win32
		{71DCA247-A34F-3CE2-A909-C1DAD1A9190E}.Debug|Win32.ActiveCfg = Debug|Win32
		{71DCA247-A34F-3CE2-A909-C1DAD1A9190E}.Release|Win32.ActiveCfg = Release|Win32
		{71DCA247-A34F-3CE2-A909-C1DAD1A9190E}.MinSizeRel|Win32.ActiveCfg = MinSizeRel|Win32
		{71DCA247-A34F-3CE2-A909-C1DAD1A9190E}.RelWithDebInfo|Win32.ActiveCfg = RelWithDebInfo|Win32
		{8A720ECF-6773-372D-9FEC-FB5879FFFB0B}.Debug|Win32.ActiveCfg = Debug|Win32
		{8A720ECF-6773-372D-9FEC-FB5879FFFB0B}.Debug|Win32.Build.0 = Debug|Win32
		{8A720ECF-6773-372D-9FEC-FB5879FFFB0B}.Release|Win32.ActiveCfg = Release|Win32
		{8A720ECF-6773-372D-9FEC-FB5879FFFB0B}.Release|Win32.Build.0 = Release|Win32
		{8A720ECF-6773-372D-9FEC-FB5879FFFB0B}.MinSizeRel|Win32.ActiveCfg = MinSizeRel|Win32
		{8A720ECF-6773-372D-9FEC-FB5879FFFB0B}.MinSizeRel|Win32.Build.0 = MinSizeRel|Win32
		{8A720ECF-6773-372D-9FEC-FB5879FFFB0B}.RelWithDebInfo|Win32.ActiveCfg = RelWithDebInfo|Win32
		{8A720ECF-6773-372D-9FEC-FB5879FFFB0B}.RelWithDebInfo|Win32.Build.0 = RelWithDebInfo|Win32
	EndGlobalSection
	GlobalSection(ExtensibilityGlobals) = postSolution
		SolutionGuid = {ED2CF799-CB1A-317E-9EA6-698FCE9F6A51}
	EndGlobalSection
	GlobalSection(ExtensibilityAddIns) = postSolution
	EndGlobalSection
EndGlobal
